
Microsoft Visual Studio Solution File, Format Version 12.00
# Visual Studio Version 17
VisualStudioVersion = 17.2.32616.157
MinimumVisualStudioVersion = 10.0.40219.1
Project("{FAE04EC0-301F-11D3-BF4B-00C04F79EFBC}") = "EjemploHerenciaInterfaces.Android", "EjemploHerenciaInterfaces.Android\EjemploHerenciaInterfaces.Android.csproj", "{091DDC86-5CAA-4C51-8030-E847D9F37FB2}"
EndProject
Project("{FAE04EC0-301F-11D3-BF4B-00C04F79EFBC}") = "EjemploHerenciaInterfaces.iOS", "EjemploHerenciaInterfaces.iOS\EjemploHerenciaInterfaces.iOS.csproj", "{1321F5D3-5E5B-4F97-84B5-F245449470C0}"
EndProject
Project("{FAE04EC0-301F-11D3-BF4B-00C04F79EFBC}") = "EjemploHerenciaInterfaces", "EjemploHerenciaInterfaces\EjemploHerenciaInterfaces.csproj", "{93BF9DC4-62FB-46B4-BB1C-E0686A9B2358}"
EndProject
Global
	GlobalSection(SolutionConfigurationPlatforms) = preSolution
		Debug|Any CPU = Debug|Any CPU
		Debug|iPhone = Debug|iPhone
		Debug|iPhoneSimulator = Debug|iPhoneSimulator
		Release|Any CPU = Release|Any CPU
		Release|iPhone = Release|iPhone
		Release|iPhoneSimulator = Release|iPhoneSimulator
	EndGlobalSection
	GlobalSection(ProjectConfigurationPlatforms) = postSolution
		{091DDC86-5CAA-4C51-8030-E847D9F37FB2}.Debug|Any CPU.ActiveCfg = Debug|Any CPU
		{091DDC86-5CAA-4C51-8030-E847D9F37FB2}.Debug|Any CPU.Build.0 = Debug|Any CPU
		{091DDC86-5CAA-4C51-8030-E847D9F37FB2}.Debug|Any CPU.Deploy.0 = Debug|Any CPU
		{091DDC86-5CAA-4C51-8030-E847D9F37FB2}.Debug|iPhone.ActiveCfg = Debug|Any CPU
		{091DDC86-5CAA-4C51-8030-E847D9F37FB2}.Debug|iPhone.Build.0 = Debug|Any CPU
		{091DDC86-5CAA-4C51-8030-E847D9F37FB2}.Debug|iPhone.Deploy.0 = Debug|Any CPU
		{091DDC86-5CAA-4C51-8030-E847D9F37FB2}.Debug|iPhoneSimulator.ActiveCfg = Debug|Any CPU
		{091DDC86-5CAA-4C51-8030-E847D9F37FB2}.Debug|iPhoneSimulator.Build.0 = Debug|Any CPU
		{091DDC86-5CAA-4C51-8030-E847D9F37FB2}.Debug|iPhoneSimulator.Deploy.0 = Debug|Any CPU
		{091DDC86-5CAA-4C51-8030-E847D9F37FB2}.Release|Any CPU.ActiveCfg = Release|Any CPU
		{091DDC86-5CAA-4C51-8030-E847D9F37FB2}.Release|Any CPU.Build.0 = Release|Any CPU
		{091DDC86-5CAA-4C51-8030-E847D9F37FB2}.Release|Any CPU.Deploy.0 = Release|Any CPU
		{091DDC86-5CAA-4C51-8030-E847D9F37FB2}.Release|iPhone.ActiveCfg = Release|Any CPU
		{091DDC86-5CAA-4C51-8030-E847D9F37FB2}.Release|iPhone.Build.0 = Release|Any CPU
		{091DDC86-5CAA-4C51-8030-E847D9F37FB2}.Release|iPhone.Deploy.0 = Release|Any CPU
		{091DDC86-5CAA-4C51-8030-E847D9F37FB2}.Release|iPhoneSimulator.ActiveCfg = Release|Any CPU
		{091DDC86-5CAA-4C51-8030-E847D9F37FB2}.Release|iPhoneSimulator.Build.0 = Release|Any CPU
		{091DDC86-5CAA-4C51-8030-E847D9F37FB2}.Release|iPhoneSimulator.Deploy.0 = Release|Any CPU
		{1321F5D3-5E5B-4F97-84B5-F245449470C0}.Debug|Any CPU.ActiveCfg = Debug|iPhone
		{1321F5D3-5E5B-4F97-84B5-F245449470C0}.Debug|Any CPU.Build.0 = Debug|iPhone
		{1321F5D3-5E5B-4F97-84B5-F245449470C0}.Debug|Any CPU.Deploy.0 = Debug|iPhone
		{1321F5D3-5E5B-4F97-84B5-F245449470C0}.Debug|iPhone.ActiveCfg = Debug|iPhone
		{1321F5D3-5E5B-4F97-84B5-F245449470C0}.Debug|iPhone.Build.0 = Debug|iPhone
		{1321F5D3-5E5B-4F97-84B5-F245449470C0}.Debug|iPhone.Deploy.0 = Debug|iPhone
		{1321F5D3-5E5B-4F97-84B5-F245449470C0}.Debug|iPhoneSimulator.ActiveCfg = Debug|iPhoneSimulator
		{1321F5D3-5E5B-4F97-84B5-F245449470C0}.Debug|iPhoneSimulator.Build.0 = Debug|iPhoneSimulator
		{1321F5D3-5E5B-4F97-84B5-F245449470C0}.Debug|iPhoneSimulator.Deploy.0 = Debug|iPhoneSimulator
		{1321F5D3-5E5B-4F97-84B5-F245449470C0}.Release|Any CPU.ActiveCfg = Release|iPhoneSimulator
		{1321F5D3-5E5B-4F97-84B5-F245449470C0}.Release|Any CPU.Build.0 = Release|iPhoneSimulator
		{1321F5D3-5E5B-4F97-84B5-F245449470C0}.Release|Any CPU.Deploy.0 = Release|iPhoneSimulator
		{1321F5D3-5E5B-4F97-84B5-F245449470C0}.Release|iPhone.ActiveCfg = Release|iPhone
		{1321F5D3-5E5B-4F97-84B5-F245449470C0}.Release|iPhone.Build.0 = Release|iPhone
		{1321F5D3-5E5B-4F97-84B5-F245449470C0}.Release|iPhone.Deploy.0 = Release|iPhone
		{1321F5D3-5E5B-4F97-84B5-F245449470C0}.Release|iPhoneSimulator.ActiveCfg = Release|iPhoneSimulator
		{1321F5D3-5E5B-4F97-84B5-F245449470C0}.Release|iPhoneSimulator.Build.0 = Release|iPhoneSimulator
		{1321F5D3-5E5B-4F97-84B5-F245449470C0}.Release|iPhoneSimulator.Deploy.0 = Release|iPhoneSimulator
		{93BF9DC4-62FB-46B4-BB1C-E0686A9B2358}.Debug|Any CPU.ActiveCfg = Debug|Any CPU
		{93BF9DC4-62FB-46B4-BB1C-E0686A9B2358}.Debug|Any CPU.Build.0 = Debug|Any CPU
		{93BF9DC4-62FB-46B4-BB1C-E0686A9B2358}.Debug|Any CPU.Deploy.0 = Debug|Any CPU
		{93BF9DC4-62FB-46B4-BB1C-E0686A9B2358}.Debug|iPhone.ActiveCfg = Debug|Any CPU
		{93BF9DC4-62FB-46B4-BB1C-E0686A9B2358}.Debug|iPhone.Build.0 = Debug|Any CPU
		{93BF9DC4-62FB-46B4-BB1C-E0686A9B2358}.Debug|iPhone.Deploy.0 = Debug|Any CPU
		{93BF9DC4-62FB-46B4-BB1C-E0686A9B2358}.Debug|iPhoneSimulator.ActiveCfg = Debug|Any CPU
		{93BF9DC4-62FB-46B4-BB1C-E0686A9B2358}.Debug|iPhoneSimulator.Build.0 = Debug|Any CPU
		{93BF9DC4-62FB-46B4-BB1C-E0686A9B2358}.Debug|iPhoneSimulator.Deploy.0 = Debug|Any CPU
		{93BF9DC4-62FB-46B4-BB1C-E0686A9B2358}.Release|Any CPU.ActiveCfg = Release|Any CPU
		{93BF9DC4-62FB-46B4-BB1C-E0686A9B2358}.Release|Any CPU.Build.0 = Release|Any CPU
		{93BF9DC4-62FB-46B4-BB1C-E0686A9B2358}.Release|Any CPU.Deploy.0 = Release|Any CPU
		{93BF9DC4-62FB-46B4-BB1C-E0686A9B2358}.Release|iPhone.ActiveCfg = Release|Any CPU
		{93BF9DC4-62FB-46B4-BB1C-E0686A9B2358}.Release|iPhone.Build.0 = Release|Any CPU
		{93BF9DC4-62FB-46B4-BB1C-E0686A9B2358}.Release|iPhone.Deploy.0 = Release|Any CPU
		{93BF9DC4-62FB-46B4-BB1C-E0686A9B2358}.Release|iPhoneSimulator.ActiveCfg = Release|Any CPU
		{93BF9DC4-62FB-46B4-BB1C-E0686A9B2358}.Release|iPhoneSimulator.Build.0 = Release|Any CPU
		{93BF9DC4-62FB-46B4-BB1C-E0686A9B2358}.Release|iPhoneSimulator.Deploy.0 = Release|Any CPU
	EndGlobalSection
	GlobalSection(SolutionProperties) = preSolution
		HideSolutionNode = FALSE
	EndGlobalSection
	GlobalSection(ExtensibilityGlobals) = postSolution
		SolutionGuid = {BBA6DB89-8D75-474A-B44B-247A2F7A02B3}
	EndGlobalSection
EndGlobal
